// !$*UTF8*$!
{
	archiveVersion = 1;
	classes = {
	};
	objectVersion = 50;
	objects = {

/* Begin PBXBuildFile section */
		C83EE18E2565AE2A00790FB6 /* MediumDifficulty.swift in Sources */ = {isa = PBXBuildFile; fileRef = C83EE18D2565AE2A00790FB6 /* MediumDifficulty.swift */; };
		C83EE1952565AE7700790FB6 /* hardDifficulty.swift in Sources */ = {isa = PBXBuildFile; fileRef = C83EE1942565AE7700790FB6 /* hardDifficulty.swift */; };
		C83EE1982565AF2100790FB6 /* NavigationLinkContent.swift in Sources */ = {isa = PBXBuildFile; fileRef = C83EE1972565AF2100790FB6 /* NavigationLinkContent.swift */; };
		C83EE19F2566A78600790FB6 /* HomeScreen.swift in Sources */ = {isa = PBXBuildFile; fileRef = C83EE19E2566A78600790FB6 /* HomeScreen.swift */; };
		C87ABF7825645FBF00773B65 /* GuessingGameApp.swift in Sources */ = {isa = PBXBuildFile; fileRef = C87ABF7725645FBF00773B65 /* GuessingGameApp.swift */; };
		C87ABF7A25645FBF00773B65 /* ContentView.swift in Sources */ = {isa = PBXBuildFile; fileRef = C87ABF7925645FBF00773B65 /* ContentView.swift */; };
		C87ABF7C25645FC300773B65 /* Assets.xcassets in Resources */ = {isa = PBXBuildFile; fileRef = C87ABF7B25645FC300773B65 /* Assets.xcassets */; };
		C87ABF7F25645FC300773B65 /* Preview Assets.xcassets in Resources */ = {isa = PBXBuildFile; fileRef = C87ABF7E25645FC300773B65 /* Preview Assets.xcassets */; };
/* End PBXBuildFile section */

/* Begin PBXFileReference section */
		C83EE18D2565AE2A00790FB6 /* MediumDifficulty.swift */ = {isa = PBXFileReference; lastKnownFileType = sourcecode.swift; path = MediumDifficulty.swift; sourceTree = "<group>"; };
		C83EE1942565AE7700790FB6 /* hardDifficulty.swift */ = {isa = PBXFileReference; lastKnownFileType = sourcecode.swift; path = hardDifficulty.swift; sourceTree = "<group>"; };
		C83EE1972565AF2100790FB6 /* NavigationLinkContent.swift */ = {isa = PBXFileReference; lastKnownFileType = sourcecode.swift; path = NavigationLinkContent.swift; sourceTree = "<group>"; };
		C83EE19E2566A78600790FB6 /* HomeScreen.swift */ = {isa = PBXFileReference; lastKnownFileType = sourcecode.swift; path = HomeScreen.swift; sourceTree = "<group>"; };
		C87ABF7425645FBF00773B65 /* GuessingGame.app */ = {isa = PBXFileReference; explicitFileType = wrapper.application; includeInIndex = 0; path = GuessingGame.app; sourceTree = BUILT_PRODUCTS_DIR; };
		C87ABF7725645FBF00773B65 /* GuessingGameApp.swift */ = {isa = PBXFileReference; lastKnownFileType = sourcecode.swift; path = GuessingGameApp.swift; sourceTree = "<group>"; };
		C87ABF7925645FBF00773B65 /* ContentView.swift */ = {isa = PBXFileReference; lastKnownFileType = sourcecode.swift; path = ContentView.swift; sourceTree = "<group>"; };
		C87ABF7B25645FC300773B65 /* Assets.xcassets */ = {isa = PBXFileReference; lastKnownFileType = folder.assetcatalog; path = Assets.xcassets; sourceTree = "<group>"; };
		C87ABF7E25645FC300773B65 /* Preview Assets.xcassets */ = {isa = PBXFileReference; lastKnownFileType = folder.assetcatalog; path = "Preview Assets.xcassets"; sourceTree = "<group>"; };
		C87ABF8025645FC300773B65 /* Info.plist */ = {isa = PBXFileReference; lastKnownFileType = text.plist.xml; path = Info.plist; sourceTree = "<group>"; };
/* End PBXFileReference section */

/* Begin PBXFrameworksBuildPhase section */
		C87ABF7125645FBF00773B65 /* Frameworks */ = {
			isa = PBXFrameworksBuildPhase;
			buildActionMask = 2147483647;
			files = (
			);
			runOnlyForDeploymentPostprocessing = 0;
		};
/* End PBXFrameworksBuildPhase section */

/* Begin PBXGroup section */
		C87ABF6B25645FBF00773B65 = {
			isa = PBXGroup;
			children = (
				C87ABF7625645FBF00773B65 /* GuessingGame */,
				C87ABF7525645FBF00773B65 /* Products */,
			);
			sourceTree = "<group>";
		};
		C87ABF7525645FBF00773B65 /* Products */ = {
			isa = PBXGroup;
			children = (
				C87ABF7425645FBF00773B65 /* GuessingGame.app */,
			);
			name = Products;
			sourceTree = "<group>";
		};
		C87ABF7625645FBF00773B65 /* GuessingGame */ = {
			isa = PBXGroup;
			children = (
				C87ABF7725645FBF00773B65 /* GuessingGameApp.swift */,
				C87ABF7925645FBF00773B65 /* ContentView.swift */,
				C87ABF7B25645FC300773B65 /* Assets.xcassets */,
				C87ABF8025645FC300773B65 /* Info.plist */,
				C87ABF7D25645FC300773B65 /* Preview Content */,
				C83EE1972565AF2100790FB6 /* NavigationLinkContent.swift */,
				C83EE18D2565AE2A00790FB6 /* MediumDifficulty.swift */,
				C83EE1942565AE7700790FB6 /* hardDifficulty.swift */,
			);
			path = GuessingGame;
			sourceTree = "<group>";
		};
		C87ABF7D25645FC300773B65 /* Preview Content */ = {
			isa = PBXGroup;
			children = (
				C87ABF7E25645FC300773B65 /* Preview Assets.xcassets */,
				C83EE19E2566A78600790FB6 /* HomeScreen.swift */,
			);
			path = "Preview Content";
			sourceTree = "<group>";
		};
/* End PBXGroup section */

/* Begin PBXNativeTarget section */
		C87ABF7325645FBF00773B65 /* GuessingGame */ = {
			isa = PBXNativeTarget;
			buildConfigurationList = C87ABF8325645FC300773B65 /* Build configuration list for PBXNativeTarget "GuessingGame" */;
			buildPhases = (
				C87ABF7025645FBF00773B65 /* Sources */,
				C87ABF7125645FBF00773B65 /* Frameworks */,
				C87ABF7225645FBF00773B65 /* Resources */,
			);
			buildRules = (
			);
			dependencies = (
			);
			name = GuessingGame;
			productName = GuessingGame;
			productReference = C87ABF7425645FBF00773B65 /* GuessingGame.app */;
			productType = "com.apple.product-type.application";
		};
/* End PBXNativeTarget section */

/* Begin PBXProject section */
		C87ABF6C25645FBF00773B65 /* Project object */ = {
			isa = PBXProject;
			attributes = {
				LastSwiftUpdateCheck = 1220;
				LastUpgradeCheck = 1220;
				TargetAttributes = {
					C87ABF7325645FBF00773B65 = {
						CreatedOnToolsVersion = 12.2;
					};
				};
			};
			buildConfigurationList = C87ABF6F25645FBF00773B65 /* Build configuration list for PBXProject "GuessingGame" */;
			compatibilityVersion = "Xcode 9.3";
			developmentRegion = en;
			hasScannedForEncodings = 0;
			knownRegions = (
				en,
				Base,
			);
			mainGroup = C87ABF6B25645FBF00773B65;
			productRefGroup = C87ABF7525645FBF00773B65 /* Products */;
			projectDirPath = "";
			projectRoot = "";
			targets = (
				C87ABF7325645FBF00773B65 /* GuessingGame */,
			);
		};
/* End PBXProject section */

/* Begin PBXResourcesBuildPhase section */
		C87ABF7225645FBF00773B65 /* Resources */ = {
			isa = PBXResourcesBuildPhase;
			buildActionMask = 2147483647;
			files = (
				C87ABF7F25645FC300773B65 /* Preview Assets.xcassets in Resources */,
				C87ABF7C25645FC300773B65 /* Assets.xcassets in Resources */,
			);
			runOnlyForDeploymentPostprocessing = 0;
		};
/* End PBXResourcesBuildPhase section */

/* Begin PBXSourcesBuildPhase section */
		C87ABF7025645FBF00773B65 /* Sources */ = {
			isa = PBXSourcesBuildPhase;
			buildActionMask = 2147483647;
			files = (
				C87ABF7A25645FBF00773B65 /* ContentView.swift in Sources */,
				C83EE1982565AF2100790FB6 /* NavigationLinkContent.swift in Sources */,
				C83EE19F2566A78600790FB6 /* HomeScreen.swift in Sources */,
				C83EE18E2565AE2A00790FB6 /* MediumDifficulty.swift in Sources */,
				C87ABF7825645FBF00773B65 /* GuessingGameApp.swift in Sources */,
				C83EE1952565AE7700790FB6 /* hardDifficulty.swift in Sources */,
			);
			runOnlyForDeploymentPostprocessing = 0;
		};
/* End PBXSourcesBuildPhase section */

/* Begin XCBuildConfiguration section */
		C87ABF8125645FC300773B65 /* Debug */ = {
			isa = XCBuildConfiguration;
			buildSettings = {
				ALWAYS_SEARCH_USER_PATHS = NO;
				CLANG_ANALYZER_NONNULL = YES;
				CLANG_ANALYZER_NUMBER_OBJECT_CONVERSION = YES_AGGRESSIVE;
				CLANG_CXX_LANGUAGE_STANDARD = "gnu++14";
				CLANG_CXX_LIBRARY = "libc++";
				CLANG_ENABLE_MODULES = YES;
				CLANG_ENABLE_OBJC_ARC = YES;
				CLANG_ENABLE_OBJC_WEAK = YES;
				CLANG_WARN_BLOCK_CAPTURE_AUTORELEASING = YES;
				CLANG_WARN_BOOL_CONVERSION = YES;
				CLANG_WARN_COMMA = YES;
				CLANG_WARN_CONSTANT_CONVERSION = YES;
				CLANG_WARN_DEPRECATED_OBJC_IMPLEMENTATIONS = YES;
				CLANG_WARN_DIRECT_OBJC_ISA_USAGE = YES_ERROR;
				CLANG_WARN_DOCUMENTATION_COMMENTS = YES;
				CLANG_WARN_EMPTY_BODY = YES;
				CLANG_WARN_ENUM_CONVERSION = YES;
				CLANG_WARN_INFINITE_RECURSION = YES;
				CLANG_WARN_INT_CONVERSION = YES;
				CLANG_WARN_NON_LITERAL_NULL_CONVERSION = YES;
				CLANG_WARN_OBJC_IMPLICIT_RETAIN_SELF = YES;
				CLANG_WARN_OBJC_LITERAL_CONVERSION = YES;
				CLANG_WARN_OBJC_ROOT_CLASS = YES_ERROR;
				CLANG_WARN_QUOTED_INCLUDE_IN_FRAMEWORK_HEADER = YES;
				CLANG_WARN_RANGE_LOOP_ANALYSIS = YES;
				CLANG_WARN_STRICT_PROTOTYPES = YES;
				CLANG_WARN_SUSPICIOUS_MOVE = YES;
				CLANG_WARN_UNGUARDED_AVAILABILITY = YES_AGGRESSIVE;
				CLANG_WARN_UNREACHABLE_CODE = YES;
				CLANG_WARN__DUPLICATE_METHOD_MATCH = YES;
				COPY_PHASE_STRIP = NO;
				DEBUG_INFORMATION_FORMAT = dwarf;
				ENABLE_STRICT_OBJC_MSGSEND = YES;
				ENABLE_TESTABILITY = YES;
				GCC_C_LANGUAGE_STANDARD = gnu11;
				GCC_DYNAMIC_NO_PIC = NO;
				GCC_NO_COMMON_BLOCKS = YES;
				GCC_OPTIMIZATION_LEVEL = 0;
				GCC_PREPROCESSOR_DEFINITIONS = (
					"DEBUG=1",
					"$(inherited)",
				);
				GCC_WARN_64_TO_32_BIT_CONVERSION = YES;
				GCC_WARN_ABOUT_RETURN_TYPE = YES_ERROR;
				GCC_WARN_UNDECLARED_SELECTOR = YES;
				GCC_WARN_UNINITIALIZED_AUTOS = YES_AGGRESSIVE;
				GCC_WARN_UNUSED_FUNCTION = YES;
				GCC_WARN_UNUSED_VARIABLE = YES;
				IPHONEOS_DEPLOYMENT_TARGET = 14.2;
				MTL_ENABLE_DEBUG_INFO = INCLUDE_SOURCE;
				MTL_FAST_MATH = YES;
				ONLY_ACTIVE_ARCH = YES;
				SDKROOT = iphoneos;
				SWIFT_ACTIVE_COMPILATION_CONDITIONS = DEBUG;
				SWIFT_OPTIMIZATION_LEVEL = "-Onone";
			};
			name = Debug;
		};
		C87ABF8225645FC300773B65 /* Release */ = {
			isa = XCBuildConfiguration;
			buildSettings = {
				ALWAYS_SEARCH_USER_PATHS = NO;
				CLANG_ANALYZER_NONNULL = YES;
				CLANG_ANALYZER_NUMBER_OBJECT_CONVERSION = YES_AGGRESSIVE;
				CLANG_CXX_LANGUAGE_STANDARD = "gnu++14";
				CLANG_CXX_LIBRARY = "libc++";
				CLANG_ENABLE_MODULES = YES;
				CLANG_ENABLE_OBJC_ARC = YES;
				CLANG_ENABLE_OBJC_WEAK = YES;
				CLANG_WARN_BLOCK_CAPTURE_AUTORELEASING = YES;
				CLANG_WARN_BOOL_CONVERSION = YES;
				CLANG_WARN_COMMA = YES;
				CLANG_WARN_CONSTANT_CONVERSION = YES;
				CLANG_WARN_DEPRECATED_OBJC_IMPLEMENTATIONS = YES;
				CLANG_WARN_DIRECT_OBJC_ISA_USAGE = YES_ERROR;
				CLANG_WARN_DOCUMENTATION_COMMENTS = YES;
				CLANG_WARN_EMPTY_BODY = YES;
				CLANG_WARN_ENUM_CONVERSION = YES;
				CLANG_WARN_INFINITE_RECURSION = YES;
				CLANG_WARN_INT_CONVERSION = YES;
				CLANG_WARN_NON_LITERAL_NULL_CONVERSION = YES;
				CLANG_WARN_OBJC_IMPLICIT_RETAIN_SELF = YES;
				CLANG_WARN_OBJC_LITERAL_CONVERSION = YES;
				CLANG_WARN_OBJC_ROOT_CLASS = YES_ERROR;
				CLANG_WARN_QUOTED_INCLUDE_IN_FRAMEWORK_HEADER = YES;
				CLANG_WARN_RANGE_LOOP_ANALYSIS = YES;
				CLANG_WARN_STRICT_PROTOTYPES = YES;
				CLANG_WARN_SUSPICIOUS_MOVE = YES;
				CLANG_WARN_UNGUARDED_AVAILABILITY = YES_AGGRESSIVE;
				CLANG_WARN_UNREACHABLE_CODE = YES;
				CLANG_WARN__DUPLICATE_METHOD_MATCH = YES;
				COPY_PHASE_STRIP = NO;
				DEBUG_INFORMATION_FORMAT = "dwarf-with-dsym";
				ENABLE_NS_ASSERTIONS = NO;
				ENABLE_STRICT_OBJC_MSGSEND = YES;
				GCC_C_LANGUAGE_STANDARD = gnu11;
				GCC_NO_COMMON_BLOCKS = YES;
				GCC_WARN_64_TO_32_BIT_CONVERSION = YES;
				GCC_WARN_ABOUT_RETURN_TYPE = YES_ERROR;
				GCC_WARN_UNDECLARED_SELECTOR = YES;
				GCC_WARN_UNINITIALIZED_AUTOS = YES_AGGRESSIVE;
				GCC_WARN_UNUSED_FUNCTION = YES;
				GCC_WARN_UNUSED_VARIABLE = YES;
				IPHONEOS_DEPLOYMENT_TARGET = 14.2;
				MTL_ENABLE_DEBUG_INFO = NO;
				MTL_FAST_MATH = YES;
				SDKROOT = iphoneos;
				SWIFT_COMPILATION_MODE = wholemodule;
				SWIFT_OPTIMIZATION_LEVEL = "-O";
				VALIDATE_PRODUCT = YES;
			};
			name = Release;
		};
		C87ABF8425645FC300773B65 /* Debug */ = {
			isa = XCBuildConfiguration;
			buildSettings = {
				ASSETCATALOG_COMPILER_APPICON_NAME = AppIcon;
				ASSETCATALOG_COMPILER_GLOBAL_ACCENT_COLOR_NAME = AccentColor;
				CODE_SIGN_STYLE = Automatic;
				DEVELOPMENT_ASSET_PATHS = "\"GuessingGame/Preview Content\"";
				DEVELOPMENT_TEAM = 89CY642UG3;
				ENABLE_PREVIEWS = YES;
				INFOPLIST_FILE = GuessingGame/Info.plist;
				IPHONEOS_DEPLOYMENT_TARGET = 14.0;
				LD_RUNPATH_SEARCH_PATHS = (
					"$(inherited)",
					"@executable_path/Frameworks",
				);
				PRODUCT_BUNDLE_IDENTIFIER = ca.jinasalvarajah.GuessingGame;
				PRODUCT_NAME = "$(TARGET_NAME)";
				SWIFT_VERSION = 5.0;
				TARGETED_DEVICE_FAMILY = "1,2";
			};
			name = Debug;
		};
		C87ABF8525645FC300773B65 /* Release */ = {
			isa = XCBuildConfiguration;
			buildSettings = {
				ASSETCATALOG_COMPILER_APPICON_NAME = AppIcon;
				ASSETCATALOG_COMPILER_GLOBAL_ACCENT_COLOR_NAME = AccentColor;
				CODE_SIGN_STYLE = Automatic;
				DEVELOPMENT_ASSET_PATHS = "\"GuessingGame/Preview Content\"";
				DEVELOPMENT_TEAM = 89CY642UG3;
				ENABLE_PREVIEWS = YES;
				INFOPLIST_FILE = GuessingGame/Info.plist;
				IPHONEOS_DEPLOYMENT_TARGET = 14.0;
				LD_RUNPATH_SEARCH_PATHS = (
					"$(inherited)",
					"@executable_path/Frameworks",
				);
				PRODUCT_BUNDLE_IDENTIFIER = ca.jinasalvarajah.GuessingGame;
				PRODUCT_NAME = "$(TARGET_NAME)";
				SWIFT_VERSION = 5.0;
				TARGETED_DEVICE_FAMILY = "1,2";
			};
			name = Release;
		};
/* End XCBuildConfiguration section */

/* Begin XCConfigurationList section */
		C87ABF6F25645FBF00773B65 /* Build configuration list for PBXProject "GuessingGame" */ = {
			isa = XCConfigurationList;
			buildConfigurations = (
				C87ABF8125645FC300773B65 /* Debug */,
				C87ABF8225645FC300773B65 /* Release */,
			);
			defaultConfigurationIsVisible = 0;
			defaultConfigurationName = Release;
		};
		C87ABF8325645FC300773B65 /* Build configuration list for PBXNativeTarget "GuessingGame" */ = {
			isa = XCConfigurationList;
			buildConfigurations = (
				C87ABF8425645FC300773B65 /* Debug */,
				C87ABF8525645FC300773B65 /* Release */,
			);
			defaultConfigurationIsVisible = 0;
			defaultConfigurationName = Release;
		};
/* End XCConfigurationList section */
	};
	rootObject = C87ABF6C25645FBF00773B65 /* Project object */;
}
